
Microsoft Visual Studio Solution File, Format Version 12.00
Project("{FAE04EC0-301F-11D3-BF4B-00C04F79EFBC}") = "MyOrleansSilo", "MyOrleansSilo\MyOrleansSilo.csproj", "{44DEB297-926C-4B0D-9ADC-57A0784947B3}"
EndProject
Project("{FAE04EC0-301F-11D3-BF4B-00C04F79EFBC}") = "MyOrleansGrainInterfaces", "..\MyOrleansGrains\MyOrleansGrainInterfaces\MyOrleansGrainInterfaces.csproj", "{4E2C2FA6-EE10-4220-9363-25327CC2DD1F}"
EndProject
Project("{FAE04EC0-301F-11D3-BF4B-00C04F79EFBC}") = "MyOrleansGrains", "..\MyOrleansGrains\MyOrleansGrains\MyOrleansGrains.csproj", "{02106338-ABD2-4051-AA9F-481D49E92A51}"
EndProject
Global
	GlobalSection(SolutionConfigurationPlatforms) = preSolution
		Debug|Any CPU = Debug|Any CPU
		Release|Any CPU = Release|Any CPU
	EndGlobalSection
	GlobalSection(ProjectConfigurationPlatforms) = postSolution
		{44DEB297-926C-4B0D-9ADC-57A0784947B3}.Debug|Any CPU.ActiveCfg = Debug|Any CPU
		{44DEB297-926C-4B0D-9ADC-57A0784947B3}.Debug|Any CPU.Build.0 = Debug|Any CPU
		{44DEB297-926C-4B0D-9ADC-57A0784947B3}.Release|Any CPU.ActiveCfg = Release|Any CPU
		{44DEB297-926C-4B0D-9ADC-57A0784947B3}.Release|Any CPU.Build.0 = Release|Any CPU
		{4E2C2FA6-EE10-4220-9363-25327CC2DD1F}.Debug|Any CPU.ActiveCfg = Debug|Any CPU
		{4E2C2FA6-EE10-4220-9363-25327CC2DD1F}.Debug|Any CPU.Build.0 = Debug|Any CPU
		{4E2C2FA6-EE10-4220-9363-25327CC2DD1F}.Release|Any CPU.ActiveCfg = Release|Any CPU
		{4E2C2FA6-EE10-4220-9363-25327CC2DD1F}.Release|Any CPU.Build.0 = Release|Any CPU
		{02106338-ABD2-4051-AA9F-481D49E92A51}.Debug|Any CPU.ActiveCfg = Debug|Any CPU
		{02106338-ABD2-4051-AA9F-481D49E92A51}.Debug|Any CPU.Build.0 = Debug|Any CPU
		{02106338-ABD2-4051-AA9F-481D49E92A51}.Release|Any CPU.ActiveCfg = Release|Any CPU
		{02106338-ABD2-4051-AA9F-481D49E92A51}.Release|Any CPU.Build.0 = Release|Any CPU
	EndGlobalSection
EndGlobal
